
Microsoft Visual Studio Solution File, Format Version 12.00
# Visual Studio 15
VisualStudioVersion = 15.0.26403.7
MinimumVisualStudioVersion = 10.0.40219.1
Project("{FAE04EC0-301F-11D3-BF4B-00C04F79EFBC}") = "XamarinForms02", "XamarinForms02\XamarinForms02\XamarinForms02.csproj", "{3BC80147-8161-4854-AD12-E9CCD4B3E253}"
EndProject
Project("{FAE04EC0-301F-11D3-BF4B-00C04F79EFBC}") = "XamarinForms02.Android", "XamarinForms02\XamarinForms02.Android\XamarinForms02.Android.csproj", "{DFC5863B-6C1F-4D66-843B-AECD20E6F9D9}"
EndProject
Project("{FAE04EC0-301F-11D3-BF4B-00C04F79EFBC}") = "XamarinForms02.iOS", "XamarinForms02\XamarinForms02.iOS\XamarinForms02.iOS.csproj", "{95ED23F0-E4FD-4523-BEAA-9BD350ECBD22}"
EndProject
Project("{FAE04EC0-301F-11D3-BF4B-00C04F79EFBC}") = "XamarinForms02.UWP", "XamarinForms02\XamarinForms02.UWP\XamarinForms02.UWP.csproj", "{8C5E7DE5-FA39-41B5-ABA2-094000ABB4AC}"
EndProject
Project("{FAE04EC0-301F-11D3-BF4B-00C04F79EFBC}") = "XamarinForms02.Tizen.TizenMobile", "XamarinForms02.Tizen\XamarinForms02.Tizen.TizenMobile\XamarinForms02.Tizen.TizenMobile.csproj", "{4C745025-A4A8-4BE9-B44C-D29B5F6F40FA}"
EndProject
Global
	GlobalSection(SolutionConfigurationPlatforms) = preSolution
		Debug|Any CPU = Debug|Any CPU
		Debug|ARM = Debug|ARM
		Debug|iPhone = Debug|iPhone
		Debug|iPhoneSimulator = Debug|iPhoneSimulator
		Debug|x64 = Debug|x64
		Debug|x86 = Debug|x86
		Release|Any CPU = Release|Any CPU
		Release|ARM = Release|ARM
		Release|iPhone = Release|iPhone
		Release|iPhoneSimulator = Release|iPhoneSimulator
		Release|x64 = Release|x64
		Release|x86 = Release|x86
	EndGlobalSection
	GlobalSection(ProjectConfigurationPlatforms) = postSolution
		{3BC80147-8161-4854-AD12-E9CCD4B3E253}.Debug|Any CPU.ActiveCfg = Debug|Any CPU
		{3BC80147-8161-4854-AD12-E9CCD4B3E253}.Debug|Any CPU.Build.0 = Debug|Any CPU
		{3BC80147-8161-4854-AD12-E9CCD4B3E253}.Debug|ARM.ActiveCfg = Debug|Any CPU
		{3BC80147-8161-4854-AD12-E9CCD4B3E253}.Debug|ARM.Build.0 = Debug|Any CPU
		{3BC80147-8161-4854-AD12-E9CCD4B3E253}.Debug|iPhone.ActiveCfg = Debug|Any CPU
		{3BC80147-8161-4854-AD12-E9CCD4B3E253}.Debug|iPhone.Build.0 = Debug|Any CPU
		{3BC80147-8161-4854-AD12-E9CCD4B3E253}.Debug|iPhoneSimulator.ActiveCfg = Debug|Any CPU
		{3BC80147-8161-4854-AD12-E9CCD4B3E253}.Debug|iPhoneSimulator.Build.0 = Debug|Any CPU
		{3BC80147-8161-4854-AD12-E9CCD4B3E253}.Debug|x64.ActiveCfg = Debug|Any CPU
		{3BC80147-8161-4854-AD12-E9CCD4B3E253}.Debug|x64.Build.0 = Debug|Any CPU
		{3BC80147-8161-4854-AD12-E9CCD4B3E253}.Debug|x86.ActiveCfg = Debug|Any CPU
		{3BC80147-8161-4854-AD12-E9CCD4B3E253}.Debug|x86.Build.0 = Debug|Any CPU
		{3BC80147-8161-4854-AD12-E9CCD4B3E253}.Release|Any CPU.ActiveCfg = Release|Any CPU
		{3BC80147-8161-4854-AD12-E9CCD4B3E253}.Release|Any CPU.Build.0 = Release|Any CPU
		{3BC80147-8161-4854-AD12-E9CCD4B3E253}.Release|ARM.ActiveCfg = Release|Any CPU
		{3BC80147-8161-4854-AD12-E9CCD4B3E253}.Release|ARM.Build.0 = Release|Any CPU
		{3BC80147-8161-4854-AD12-E9CCD4B3E253}.Release|iPhone.ActiveCfg = Release|Any CPU
		{3BC80147-8161-4854-AD12-E9CCD4B3E253}.Release|iPhone.Build.0 = Release|Any CPU
		{3BC80147-8161-4854-AD12-E9CCD4B3E253}.Release|iPhoneSimulator.ActiveCfg = Release|Any CPU
		{3BC80147-8161-4854-AD12-E9CCD4B3E253}.Release|iPhoneSimulator.Build.0 = Release|Any CPU
		{3BC80147-8161-4854-AD12-E9CCD4B3E253}.Release|x64.ActiveCfg = Release|Any CPU
		{3BC80147-8161-4854-AD12-E9CCD4B3E253}.Release|x64.Build.0 = Release|Any CPU
		{3BC80147-8161-4854-AD12-E9CCD4B3E253}.Release|x86.ActiveCfg = Release|Any CPU
		{3BC80147-8161-4854-AD12-E9CCD4B3E253}.Release|x86.Build.0 = Release|Any CPU
		{DFC5863B-6C1F-4D66-843B-AECD20E6F9D9}.Debug|Any CPU.ActiveCfg = Debug|Any CPU
		{DFC5863B-6C1F-4D66-843B-AECD20E6F9D9}.Debug|Any CPU.Build.0 = Debug|Any CPU
		{DFC5863B-6C1F-4D66-843B-AECD20E6F9D9}.Debug|Any CPU.Deploy.0 = Debug|Any CPU
		{DFC5863B-6C1F-4D66-843B-AECD20E6F9D9}.Debug|ARM.ActiveCfg = Debug|Any CPU
		{DFC5863B-6C1F-4D66-843B-AECD20E6F9D9}.Debug|ARM.Build.0 = Debug|Any CPU
		{DFC5863B-6C1F-4D66-843B-AECD20E6F9D9}.Debug|ARM.Deploy.0 = Debug|Any CPU
		{DFC5863B-6C1F-4D66-843B-AECD20E6F9D9}.Debug|iPhone.ActiveCfg = Debug|Any CPU
		{DFC5863B-6C1F-4D66-843B-AECD20E6F9D9}.Debug|iPhone.Build.0 = Debug|Any CPU
		{DFC5863B-6C1F-4D66-843B-AECD20E6F9D9}.Debug|iPhone.Deploy.0 = Debug|Any CPU
		{DFC5863B-6C1F-4D66-843B-AECD20E6F9D9}.Debug|iPhoneSimulator.ActiveCfg = Debug|Any CPU
		{DFC5863B-6C1F-4D66-843B-AECD20E6F9D9}.Debug|iPhoneSimulator.Build.0 = Debug|Any CPU
		{DFC5863B-6C1F-4D66-843B-AECD20E6F9D9}.Debug|iPhoneSimulator.Deploy.0 = Debug|Any CPU
		{DFC5863B-6C1F-4D66-843B-AECD20E6F9D9}.Debug|x64.ActiveCfg = Debug|Any CPU
		{DFC5863B-6C1F-4D66-843B-AECD20E6F9D9}.Debug|x64.Build.0 = Debug|Any CPU
		{DFC5863B-6C1F-4D66-843B-AECD20E6F9D9}.Debug|x64.Deploy.0 = Debug|Any CPU
		{DFC5863B-6C1F-4D66-843B-AECD20E6F9D9}.Debug|x86.ActiveCfg = Debug|Any CPU
		{DFC5863B-6C1F-4D66-843B-AECD20E6F9D9}.Debug|x86.Build.0 = Debug|Any CPU
		{DFC5863B-6C1F-4D66-843B-AECD20E6F9D9}.Debug|x86.Deploy.0 = Debug|Any CPU
		{DFC5863B-6C1F-4D66-843B-AECD20E6F9D9}.Release|Any CPU.ActiveCfg = Release|Any CPU
		{DFC5863B-6C1F-4D66-843B-AECD20E6F9D9}.Release|Any CPU.Build.0 = Release|Any CPU
		{DFC5863B-6C1F-4D66-843B-AECD20E6F9D9}.Release|Any CPU.Deploy.0 = Release|Any CPU
		{DFC5863B-6C1F-4D66-843B-AECD20E6F9D9}.Release|ARM.ActiveCfg = Release|Any CPU
		{DFC5863B-6C1F-4D66-843B-AECD20E6F9D9}.Release|ARM.Build.0 = Release|Any CPU
		{DFC5863B-6C1F-4D66-843B-AECD20E6F9D9}.Release|ARM.Deploy.0 = Release|Any CPU
		{DFC5863B-6C1F-4D66-843B-AECD20E6F9D9}.Release|iPhone.ActiveCfg = Release|Any CPU
		{DFC5863B-6C1F-4D66-843B-AECD20E6F9D9}.Release|iPhone.Build.0 = Release|Any CPU
		{DFC5863B-6C1F-4D66-843B-AECD20E6F9D9}.Release|iPhone.Deploy.0 = Release|Any CPU
		{DFC5863B-6C1F-4D66-843B-AECD20E6F9D9}.Release|iPhoneSimulator.ActiveCfg = Release|Any CPU
		{DFC5863B-6C1F-4D66-843B-AECD20E6F9D9}.Release|iPhoneSimulator.Build.0 = Release|Any CPU
		{DFC5863B-6C1F-4D66-843B-AECD20E6F9D9}.Release|iPhoneSimulator.Deploy.0 = Release|Any CPU
		{DFC5863B-6C1F-4D66-843B-AECD20E6F9D9}.Release|x64.ActiveCfg = Release|Any CPU
		{DFC5863B-6C1F-4D66-843B-AECD20E6F9D9}.Release|x64.Build.0 = Release|Any CPU
		{DFC5863B-6C1F-4D66-843B-AECD20E6F9D9}.Release|x64.Deploy.0 = Release|Any CPU
		{DFC5863B-6C1F-4D66-843B-AECD20E6F9D9}.Release|x86.ActiveCfg = Release|Any CPU
		{DFC5863B-6C1F-4D66-843B-AECD20E6F9D9}.Release|x86.Build.0 = Release|Any CPU
		{DFC5863B-6C1F-4D66-843B-AECD20E6F9D9}.Release|x86.Deploy.0 = Release|Any CPU
		{95ED23F0-E4FD-4523-BEAA-9BD350ECBD22}.Debug|Any CPU.ActiveCfg = Debug|iPhone
		{95ED23F0-E4FD-4523-BEAA-9BD350ECBD22}.Debug|ARM.ActiveCfg = Debug|iPhone
		{95ED23F0-E4FD-4523-BEAA-9BD350ECBD22}.Debug|iPhone.ActiveCfg = Debug|iPhone
		{95ED23F0-E4FD-4523-BEAA-9BD350ECBD22}.Debug|iPhone.Build.0 = Debug|iPhone
		{95ED23F0-E4FD-4523-BEAA-9BD350ECBD22}.Debug|iPhoneSimulator.ActiveCfg = Debug|iPhoneSimulator
		{95ED23F0-E4FD-4523-BEAA-9BD350ECBD22}.Debug|iPhoneSimulator.Build.0 = Debug|iPhoneSimulator
		{95ED23F0-E4FD-4523-BEAA-9BD350ECBD22}.Debug|x64.ActiveCfg = Debug|iPhone
		{95ED23F0-E4FD-4523-BEAA-9BD350ECBD22}.Debug|x86.ActiveCfg = Debug|iPhone
		{95ED23F0-E4FD-4523-BEAA-9BD350ECBD22}.Release|Any CPU.ActiveCfg = Release|iPhone
		{95ED23F0-E4FD-4523-BEAA-9BD350ECBD22}.Release|ARM.ActiveCfg = Release|iPhone
		{95ED23F0-E4FD-4523-BEAA-9BD350ECBD22}.Release|iPhone.ActiveCfg = Release|iPhone
		{95ED23F0-E4FD-4523-BEAA-9BD350ECBD22}.Release|iPhone.Build.0 = Release|iPhone
		{95ED23F0-E4FD-4523-BEAA-9BD350ECBD22}.Release|iPhoneSimulator.ActiveCfg = Release|iPhoneSimulator
		{95ED23F0-E4FD-4523-BEAA-9BD350ECBD22}.Release|iPhoneSimulator.Build.0 = Release|iPhoneSimulator
		{95ED23F0-E4FD-4523-BEAA-9BD350ECBD22}.Release|x64.ActiveCfg = Release|iPhone
		{95ED23F0-E4FD-4523-BEAA-9BD350ECBD22}.Release|x86.ActiveCfg = Release|iPhone
		{8C5E7DE5-FA39-41B5-ABA2-094000ABB4AC}.Debug|Any CPU.ActiveCfg = Debug|x86
		{8C5E7DE5-FA39-41B5-ABA2-094000ABB4AC}.Debug|ARM.ActiveCfg = Debug|ARM
		{8C5E7DE5-FA39-41B5-ABA2-094000ABB4AC}.Debug|ARM.Build.0 = Debug|ARM
		{8C5E7DE5-FA39-41B5-ABA2-094000ABB4AC}.Debug|ARM.Deploy.0 = Debug|ARM
		{8C5E7DE5-FA39-41B5-ABA2-094000ABB4AC}.Debug|iPhone.ActiveCfg = Debug|x86
		{8C5E7DE5-FA39-41B5-ABA2-094000ABB4AC}.Debug|iPhoneSimulator.ActiveCfg = Debug|x86
		{8C5E7DE5-FA39-41B5-ABA2-094000ABB4AC}.Debug|x64.ActiveCfg = Debug|x64
		{8C5E7DE5-FA39-41B5-ABA2-094000ABB4AC}.Debug|x64.Build.0 = Debug|x64
		{8C5E7DE5-FA39-41B5-ABA2-094000ABB4AC}.Debug|x64.Deploy.0 = Debug|x64
		{8C5E7DE5-FA39-41B5-ABA2-094000ABB4AC}.Debug|x86.ActiveCfg = Debug|x86
		{8C5E7DE5-FA39-41B5-ABA2-094000ABB4AC}.Debug|x86.Build.0 = Debug|x86
		{8C5E7DE5-FA39-41B5-ABA2-094000ABB4AC}.Debug|x86.Deploy.0 = Debug|x86
		{8C5E7DE5-FA39-41B5-ABA2-094000ABB4AC}.Release|Any CPU.ActiveCfg = Release|x86
		{8C5E7DE5-FA39-41B5-ABA2-094000ABB4AC}.Release|ARM.ActiveCfg = Release|ARM
		{8C5E7DE5-FA39-41B5-ABA2-094000ABB4AC}.Release|ARM.Build.0 = Release|ARM
		{8C5E7DE5-FA39-41B5-ABA2-094000ABB4AC}.Release|ARM.Deploy.0 = Release|ARM
		{8C5E7DE5-FA39-41B5-ABA2-094000ABB4AC}.Release|iPhone.ActiveCfg = Release|x86
		{8C5E7DE5-FA39-41B5-ABA2-094000ABB4AC}.Release|iPhoneSimulator.ActiveCfg = Release|x86
		{8C5E7DE5-FA39-41B5-ABA2-094000ABB4AC}.Release|x64.ActiveCfg = Release|x64
		{8C5E7DE5-FA39-41B5-ABA2-094000ABB4AC}.Release|x64.Build.0 = Release|x64
		{8C5E7DE5-FA39-41B5-ABA2-094000ABB4AC}.Release|x64.Deploy.0 = Release|x64
		{8C5E7DE5-FA39-41B5-ABA2-094000ABB4AC}.Release|x86.ActiveCfg = Release|x86
		{8C5E7DE5-FA39-41B5-ABA2-094000ABB4AC}.Release|x86.Build.0 = Release|x86
		{8C5E7DE5-FA39-41B5-ABA2-094000ABB4AC}.Release|x86.Deploy.0 = Release|x86
		{4C745025-A4A8-4BE9-B44C-D29B5F6F40FA}.Debug|Any CPU.ActiveCfg = Debug|Any CPU
		{4C745025-A4A8-4BE9-B44C-D29B5F6F40FA}.Debug|Any CPU.Build.0 = Debug|Any CPU
		{4C745025-A4A8-4BE9-B44C-D29B5F6F40FA}.Debug|ARM.ActiveCfg = Debug|Any CPU
		{4C745025-A4A8-4BE9-B44C-D29B5F6F40FA}.Debug|ARM.Build.0 = Debug|Any CPU
		{4C745025-A4A8-4BE9-B44C-D29B5F6F40FA}.Debug|iPhone.ActiveCfg = Debug|Any CPU
		{4C745025-A4A8-4BE9-B44C-D29B5F6F40FA}.Debug|iPhone.Build.0 = Debug|Any CPU
		{4C745025-A4A8-4BE9-B44C-D29B5F6F40FA}.Debug|iPhoneSimulator.ActiveCfg = Debug|Any CPU
		{4C745025-A4A8-4BE9-B44C-D29B5F6F40FA}.Debug|iPhoneSimulator.Build.0 = Debug|Any CPU
		{4C745025-A4A8-4BE9-B44C-D29B5F6F40FA}.Debug|x64.ActiveCfg = Debug|Any CPU
		{4C745025-A4A8-4BE9-B44C-D29B5F6F40FA}.Debug|x64.Build.0 = Debug|Any CPU
		{4C745025-A4A8-4BE9-B44C-D29B5F6F40FA}.Debug|x86.ActiveCfg = Debug|Any CPU
		{4C745025-A4A8-4BE9-B44C-D29B5F6F40FA}.Debug|x86.Build.0 = Debug|Any CPU
		{4C745025-A4A8-4BE9-B44C-D29B5F6F40FA}.Release|Any CPU.ActiveCfg = Release|Any CPU
		{4C745025-A4A8-4BE9-B44C-D29B5F6F40FA}.Release|Any CPU.Build.0 = Release|Any CPU
		{4C745025-A4A8-4BE9-B44C-D29B5F6F40FA}.Release|ARM.ActiveCfg = Release|Any CPU
		{4C745025-A4A8-4BE9-B44C-D29B5F6F40FA}.Release|ARM.Build.0 = Release|Any CPU
		{4C745025-A4A8-4BE9-B44C-D29B5F6F40FA}.Release|iPhone.ActiveCfg = Release|Any CPU
		{4C745025-A4A8-4BE9-B44C-D29B5F6F40FA}.Release|iPhone.Build.0 = Release|Any CPU
		{4C745025-A4A8-4BE9-B44C-D29B5F6F40FA}.Release|iPhoneSimulator.ActiveCfg = Release|Any CPU
		{4C745025-A4A8-4BE9-B44C-D29B5F6F40FA}.Release|iPhoneSimulator.Build.0 = Release|Any CPU
		{4C745025-A4A8-4BE9-B44C-D29B5F6F40FA}.Release|x64.ActiveCfg = Release|Any CPU
		{4C745025-A4A8-4BE9-B44C-D29B5F6F40FA}.Release|x64.Build.0 = Release|Any CPU
		{4C745025-A4A8-4BE9-B44C-D29B5F6F40FA}.Release|x86.ActiveCfg = Release|Any CPU
		{4C745025-A4A8-4BE9-B44C-D29B5F6F40FA}.Release|x86.Build.0 = Release|Any CPU
	EndGlobalSection
	GlobalSection(SolutionProperties) = preSolution
		HideSolutionNode = FALSE
	EndGlobalSection
EndGlobal
