
Microsoft Visual Studio Solution File, Format Version 12.00
# Visual Studio 15
VisualStudioVersion = 15.0.26228.4
MinimumVisualStudioVersion = 10.0.40219.1
Project("{9A19103F-16F7-4668-BE54-9A1E7A4F7556}") = "DotNetCore", "DotNetCore\DotNetCore.csproj", "{9C55537B-22A7-4CD7-B1EE-95F9344FC98B}"
EndProject
Project("{9A19103F-16F7-4668-BE54-9A1E7A4F7556}") = "DotNetCoreLib", "DotNetCoreLib\DotNetCoreLib.csproj", "{3FA7E9A9-6E01-4B5F-92DE-8B4C568837CD}"
EndProject
Global
	GlobalSection(SolutionConfigurationPlatforms) = preSolution
		Debug|Any CPU = Debug|Any CPU
		Debug|x64 = Debug|x64
		Debug|x86 = Debug|x86
		Release|Any CPU = Release|Any CPU
		Release|x64 = Release|x64
		Release|x86 = Release|x86
	EndGlobalSection
	GlobalSection(ProjectConfigurationPlatforms) = postSolution
		{9C55537B-22A7-4CD7-B1EE-95F9344FC98B}.Debug|Any CPU.ActiveCfg = Debug|Any CPU
		{9C55537B-22A7-4CD7-B1EE-95F9344FC98B}.Debug|Any CPU.Build.0 = Debug|Any CPU
		{9C55537B-22A7-4CD7-B1EE-95F9344FC98B}.Debug|x64.ActiveCfg = Debug|Any CPU
		{9C55537B-22A7-4CD7-B1EE-95F9344FC98B}.Debug|x64.Build.0 = Debug|Any CPU
		{9C55537B-22A7-4CD7-B1EE-95F9344FC98B}.Debug|x86.ActiveCfg = Debug|Any CPU
		{9C55537B-22A7-4CD7-B1EE-95F9344FC98B}.Debug|x86.Build.0 = Debug|Any CPU
		{9C55537B-22A7-4CD7-B1EE-95F9344FC98B}.Release|Any CPU.ActiveCfg = Release|Any CPU
		{9C55537B-22A7-4CD7-B1EE-95F9344FC98B}.Release|Any CPU.Build.0 = Release|Any CPU
		{9C55537B-22A7-4CD7-B1EE-95F9344FC98B}.Release|x64.ActiveCfg = Release|Any CPU
		{9C55537B-22A7-4CD7-B1EE-95F9344FC98B}.Release|x64.Build.0 = Release|Any CPU
		{9C55537B-22A7-4CD7-B1EE-95F9344FC98B}.Release|x86.ActiveCfg = Release|Any CPU
		{9C55537B-22A7-4CD7-B1EE-95F9344FC98B}.Release|x86.Build.0 = Release|Any CPU
		{3FA7E9A9-6E01-4B5F-92DE-8B4C568837CD}.Debug|Any CPU.ActiveCfg = Debug|Any CPU
		{3FA7E9A9-6E01-4B5F-92DE-8B4C568837CD}.Debug|Any CPU.Build.0 = Debug|Any CPU
		{3FA7E9A9-6E01-4B5F-92DE-8B4C568837CD}.Debug|x64.ActiveCfg = Debug|Any CPU
		{3FA7E9A9-6E01-4B5F-92DE-8B4C568837CD}.Debug|x64.Build.0 = Debug|Any CPU
		{3FA7E9A9-6E01-4B5F-92DE-8B4C568837CD}.Debug|x86.ActiveCfg = Debug|Any CPU
		{3FA7E9A9-6E01-4B5F-92DE-8B4C568837CD}.Debug|x86.Build.0 = Debug|Any CPU
		{3FA7E9A9-6E01-4B5F-92DE-8B4C568837CD}.Release|Any CPU.ActiveCfg = Release|Any CPU
		{3FA7E9A9-6E01-4B5F-92DE-8B4C568837CD}.Release|Any CPU.Build.0 = Release|Any CPU
		{3FA7E9A9-6E01-4B5F-92DE-8B4C568837CD}.Release|x64.ActiveCfg = Release|Any CPU
		{3FA7E9A9-6E01-4B5F-92DE-8B4C568837CD}.Release|x64.Build.0 = Release|Any CPU
		{3FA7E9A9-6E01-4B5F-92DE-8B4C568837CD}.Release|x86.ActiveCfg = Release|Any CPU
		{3FA7E9A9-6E01-4B5F-92DE-8B4C568837CD}.Release|x86.Build.0 = Release|Any CPU
	EndGlobalSection
	GlobalSection(SolutionProperties) = preSolution
		HideSolutionNode = FALSE
	EndGlobalSection
EndGlobal
