
Microsoft Visual Studio Solution File, Format Version 12.00
# Visual Studio 15
VisualStudioVersion = 15.0.26403.3
MinimumVisualStudioVersion = 10.0.40219.1
Project("{FAE04EC0-301F-11D3-BF4B-00C04F79EFBC}") = "XamarinNative01", "XamarinNative01\XamarinNative01\XamarinNative01.csproj", "{48E2BD8C-C23A-4882-91ED-22E0BF1F7985}"
EndProject
Project("{FAE04EC0-301F-11D3-BF4B-00C04F79EFBC}") = "XamarinNative01.Android", "XamarinNative01\XamarinNative01.Android\XamarinNative01.Android.csproj", "{59B0AD07-48D1-4B27-85C8-283881732B7B}"
EndProject
Project("{FAE04EC0-301F-11D3-BF4B-00C04F79EFBC}") = "XamarinNative01.iOS", "XamarinNative01\XamarinNative01.iOS\XamarinNative01.iOS.csproj", "{258B0F6E-DD2C-47F6-95B0-2DD666B63A85}"
EndProject
Project("{FAE04EC0-301F-11D3-BF4B-00C04F79EFBC}") = "XamarinNative01.UWP", "XamarinNative01\XamarinNative01.UWP\XamarinNative01.UWP.csproj", "{96624460-9070-4C19-8A56-9F542080A669}"
EndProject
Global
	GlobalSection(SolutionConfigurationPlatforms) = preSolution
		Debug|Any CPU = Debug|Any CPU
		Debug|ARM = Debug|ARM
		Debug|iPhone = Debug|iPhone
		Debug|iPhoneSimulator = Debug|iPhoneSimulator
		Debug|x64 = Debug|x64
		Debug|x86 = Debug|x86
		Release|Any CPU = Release|Any CPU
		Release|ARM = Release|ARM
		Release|iPhone = Release|iPhone
		Release|iPhoneSimulator = Release|iPhoneSimulator
		Release|x64 = Release|x64
		Release|x86 = Release|x86
	EndGlobalSection
	GlobalSection(ProjectConfigurationPlatforms) = postSolution
		{48E2BD8C-C23A-4882-91ED-22E0BF1F7985}.Debug|Any CPU.ActiveCfg = Debug|Any CPU
		{48E2BD8C-C23A-4882-91ED-22E0BF1F7985}.Debug|Any CPU.Build.0 = Debug|Any CPU
		{48E2BD8C-C23A-4882-91ED-22E0BF1F7985}.Debug|ARM.ActiveCfg = Debug|Any CPU
		{48E2BD8C-C23A-4882-91ED-22E0BF1F7985}.Debug|ARM.Build.0 = Debug|Any CPU
		{48E2BD8C-C23A-4882-91ED-22E0BF1F7985}.Debug|iPhone.ActiveCfg = Debug|Any CPU
		{48E2BD8C-C23A-4882-91ED-22E0BF1F7985}.Debug|iPhone.Build.0 = Debug|Any CPU
		{48E2BD8C-C23A-4882-91ED-22E0BF1F7985}.Debug|iPhoneSimulator.ActiveCfg = Debug|Any CPU
		{48E2BD8C-C23A-4882-91ED-22E0BF1F7985}.Debug|iPhoneSimulator.Build.0 = Debug|Any CPU
		{48E2BD8C-C23A-4882-91ED-22E0BF1F7985}.Debug|x64.ActiveCfg = Debug|Any CPU
		{48E2BD8C-C23A-4882-91ED-22E0BF1F7985}.Debug|x64.Build.0 = Debug|Any CPU
		{48E2BD8C-C23A-4882-91ED-22E0BF1F7985}.Debug|x86.ActiveCfg = Debug|Any CPU
		{48E2BD8C-C23A-4882-91ED-22E0BF1F7985}.Debug|x86.Build.0 = Debug|Any CPU
		{48E2BD8C-C23A-4882-91ED-22E0BF1F7985}.Release|Any CPU.ActiveCfg = Release|Any CPU
		{48E2BD8C-C23A-4882-91ED-22E0BF1F7985}.Release|Any CPU.Build.0 = Release|Any CPU
		{48E2BD8C-C23A-4882-91ED-22E0BF1F7985}.Release|ARM.ActiveCfg = Release|Any CPU
		{48E2BD8C-C23A-4882-91ED-22E0BF1F7985}.Release|ARM.Build.0 = Release|Any CPU
		{48E2BD8C-C23A-4882-91ED-22E0BF1F7985}.Release|iPhone.ActiveCfg = Release|Any CPU
		{48E2BD8C-C23A-4882-91ED-22E0BF1F7985}.Release|iPhone.Build.0 = Release|Any CPU
		{48E2BD8C-C23A-4882-91ED-22E0BF1F7985}.Release|iPhoneSimulator.ActiveCfg = Release|Any CPU
		{48E2BD8C-C23A-4882-91ED-22E0BF1F7985}.Release|iPhoneSimulator.Build.0 = Release|Any CPU
		{48E2BD8C-C23A-4882-91ED-22E0BF1F7985}.Release|x64.ActiveCfg = Release|Any CPU
		{48E2BD8C-C23A-4882-91ED-22E0BF1F7985}.Release|x64.Build.0 = Release|Any CPU
		{48E2BD8C-C23A-4882-91ED-22E0BF1F7985}.Release|x86.ActiveCfg = Release|Any CPU
		{48E2BD8C-C23A-4882-91ED-22E0BF1F7985}.Release|x86.Build.0 = Release|Any CPU
		{59B0AD07-48D1-4B27-85C8-283881732B7B}.Debug|Any CPU.ActiveCfg = Debug|Any CPU
		{59B0AD07-48D1-4B27-85C8-283881732B7B}.Debug|Any CPU.Build.0 = Debug|Any CPU
		{59B0AD07-48D1-4B27-85C8-283881732B7B}.Debug|Any CPU.Deploy.0 = Debug|Any CPU
		{59B0AD07-48D1-4B27-85C8-283881732B7B}.Debug|ARM.ActiveCfg = Debug|Any CPU
		{59B0AD07-48D1-4B27-85C8-283881732B7B}.Debug|ARM.Build.0 = Debug|Any CPU
		{59B0AD07-48D1-4B27-85C8-283881732B7B}.Debug|ARM.Deploy.0 = Debug|Any CPU
		{59B0AD07-48D1-4B27-85C8-283881732B7B}.Debug|iPhone.ActiveCfg = Debug|Any CPU
		{59B0AD07-48D1-4B27-85C8-283881732B7B}.Debug|iPhone.Build.0 = Debug|Any CPU
		{59B0AD07-48D1-4B27-85C8-283881732B7B}.Debug|iPhone.Deploy.0 = Debug|Any CPU
		{59B0AD07-48D1-4B27-85C8-283881732B7B}.Debug|iPhoneSimulator.ActiveCfg = Debug|Any CPU
		{59B0AD07-48D1-4B27-85C8-283881732B7B}.Debug|iPhoneSimulator.Build.0 = Debug|Any CPU
		{59B0AD07-48D1-4B27-85C8-283881732B7B}.Debug|iPhoneSimulator.Deploy.0 = Debug|Any CPU
		{59B0AD07-48D1-4B27-85C8-283881732B7B}.Debug|x64.ActiveCfg = Debug|Any CPU
		{59B0AD07-48D1-4B27-85C8-283881732B7B}.Debug|x64.Build.0 = Debug|Any CPU
		{59B0AD07-48D1-4B27-85C8-283881732B7B}.Debug|x64.Deploy.0 = Debug|Any CPU
		{59B0AD07-48D1-4B27-85C8-283881732B7B}.Debug|x86.ActiveCfg = Debug|Any CPU
		{59B0AD07-48D1-4B27-85C8-283881732B7B}.Debug|x86.Build.0 = Debug|Any CPU
		{59B0AD07-48D1-4B27-85C8-283881732B7B}.Debug|x86.Deploy.0 = Debug|Any CPU
		{59B0AD07-48D1-4B27-85C8-283881732B7B}.Release|Any CPU.ActiveCfg = Release|Any CPU
		{59B0AD07-48D1-4B27-85C8-283881732B7B}.Release|Any CPU.Build.0 = Release|Any CPU
		{59B0AD07-48D1-4B27-85C8-283881732B7B}.Release|Any CPU.Deploy.0 = Release|Any CPU
		{59B0AD07-48D1-4B27-85C8-283881732B7B}.Release|ARM.ActiveCfg = Release|Any CPU
		{59B0AD07-48D1-4B27-85C8-283881732B7B}.Release|ARM.Build.0 = Release|Any CPU
		{59B0AD07-48D1-4B27-85C8-283881732B7B}.Release|ARM.Deploy.0 = Release|Any CPU
		{59B0AD07-48D1-4B27-85C8-283881732B7B}.Release|iPhone.ActiveCfg = Release|Any CPU
		{59B0AD07-48D1-4B27-85C8-283881732B7B}.Release|iPhone.Build.0 = Release|Any CPU
		{59B0AD07-48D1-4B27-85C8-283881732B7B}.Release|iPhone.Deploy.0 = Release|Any CPU
		{59B0AD07-48D1-4B27-85C8-283881732B7B}.Release|iPhoneSimulator.ActiveCfg = Release|Any CPU
		{59B0AD07-48D1-4B27-85C8-283881732B7B}.Release|iPhoneSimulator.Build.0 = Release|Any CPU
		{59B0AD07-48D1-4B27-85C8-283881732B7B}.Release|iPhoneSimulator.Deploy.0 = Release|Any CPU
		{59B0AD07-48D1-4B27-85C8-283881732B7B}.Release|x64.ActiveCfg = Release|Any CPU
		{59B0AD07-48D1-4B27-85C8-283881732B7B}.Release|x64.Build.0 = Release|Any CPU
		{59B0AD07-48D1-4B27-85C8-283881732B7B}.Release|x64.Deploy.0 = Release|Any CPU
		{59B0AD07-48D1-4B27-85C8-283881732B7B}.Release|x86.ActiveCfg = Release|Any CPU
		{59B0AD07-48D1-4B27-85C8-283881732B7B}.Release|x86.Build.0 = Release|Any CPU
		{59B0AD07-48D1-4B27-85C8-283881732B7B}.Release|x86.Deploy.0 = Release|Any CPU
		{258B0F6E-DD2C-47F6-95B0-2DD666B63A85}.Debug|Any CPU.ActiveCfg = Debug|Any CPU
		{258B0F6E-DD2C-47F6-95B0-2DD666B63A85}.Debug|Any CPU.Build.0 = Debug|Any CPU
		{258B0F6E-DD2C-47F6-95B0-2DD666B63A85}.Debug|ARM.ActiveCfg = Debug|Any CPU
		{258B0F6E-DD2C-47F6-95B0-2DD666B63A85}.Debug|ARM.Build.0 = Debug|Any CPU
		{258B0F6E-DD2C-47F6-95B0-2DD666B63A85}.Debug|iPhone.ActiveCfg = Debug|iPhone
		{258B0F6E-DD2C-47F6-95B0-2DD666B63A85}.Debug|iPhone.Build.0 = Debug|iPhone
		{258B0F6E-DD2C-47F6-95B0-2DD666B63A85}.Debug|iPhoneSimulator.ActiveCfg = Debug|iPhoneSimulator
		{258B0F6E-DD2C-47F6-95B0-2DD666B63A85}.Debug|iPhoneSimulator.Build.0 = Debug|iPhoneSimulator
		{258B0F6E-DD2C-47F6-95B0-2DD666B63A85}.Debug|x64.ActiveCfg = Debug|Any CPU
		{258B0F6E-DD2C-47F6-95B0-2DD666B63A85}.Debug|x64.Build.0 = Debug|Any CPU
		{258B0F6E-DD2C-47F6-95B0-2DD666B63A85}.Debug|x86.ActiveCfg = Debug|Any CPU
		{258B0F6E-DD2C-47F6-95B0-2DD666B63A85}.Debug|x86.Build.0 = Debug|Any CPU
		{258B0F6E-DD2C-47F6-95B0-2DD666B63A85}.Release|Any CPU.ActiveCfg = Release|Any CPU
		{258B0F6E-DD2C-47F6-95B0-2DD666B63A85}.Release|Any CPU.Build.0 = Release|Any CPU
		{258B0F6E-DD2C-47F6-95B0-2DD666B63A85}.Release|ARM.ActiveCfg = Release|Any CPU
		{258B0F6E-DD2C-47F6-95B0-2DD666B63A85}.Release|ARM.Build.0 = Release|Any CPU
		{258B0F6E-DD2C-47F6-95B0-2DD666B63A85}.Release|iPhone.ActiveCfg = Release|iPhone
		{258B0F6E-DD2C-47F6-95B0-2DD666B63A85}.Release|iPhone.Build.0 = Release|iPhone
		{258B0F6E-DD2C-47F6-95B0-2DD666B63A85}.Release|iPhoneSimulator.ActiveCfg = Release|iPhoneSimulator
		{258B0F6E-DD2C-47F6-95B0-2DD666B63A85}.Release|iPhoneSimulator.Build.0 = Release|iPhoneSimulator
		{258B0F6E-DD2C-47F6-95B0-2DD666B63A85}.Release|x64.ActiveCfg = Release|Any CPU
		{258B0F6E-DD2C-47F6-95B0-2DD666B63A85}.Release|x64.Build.0 = Release|Any CPU
		{258B0F6E-DD2C-47F6-95B0-2DD666B63A85}.Release|x86.ActiveCfg = Release|Any CPU
		{258B0F6E-DD2C-47F6-95B0-2DD666B63A85}.Release|x86.Build.0 = Release|Any CPU
		{96624460-9070-4C19-8A56-9F542080A669}.Debug|Any CPU.ActiveCfg = Debug|x86
		{96624460-9070-4C19-8A56-9F542080A669}.Debug|ARM.ActiveCfg = Debug|ARM
		{96624460-9070-4C19-8A56-9F542080A669}.Debug|ARM.Build.0 = Debug|ARM
		{96624460-9070-4C19-8A56-9F542080A669}.Debug|ARM.Deploy.0 = Debug|ARM
		{96624460-9070-4C19-8A56-9F542080A669}.Debug|iPhone.ActiveCfg = Debug|x86
		{96624460-9070-4C19-8A56-9F542080A669}.Debug|iPhoneSimulator.ActiveCfg = Debug|x86
		{96624460-9070-4C19-8A56-9F542080A669}.Debug|x64.ActiveCfg = Debug|x64
		{96624460-9070-4C19-8A56-9F542080A669}.Debug|x64.Build.0 = Debug|x64
		{96624460-9070-4C19-8A56-9F542080A669}.Debug|x64.Deploy.0 = Debug|x64
		{96624460-9070-4C19-8A56-9F542080A669}.Debug|x86.ActiveCfg = Debug|x86
		{96624460-9070-4C19-8A56-9F542080A669}.Debug|x86.Build.0 = Debug|x86
		{96624460-9070-4C19-8A56-9F542080A669}.Debug|x86.Deploy.0 = Debug|x86
		{96624460-9070-4C19-8A56-9F542080A669}.Release|Any CPU.ActiveCfg = Release|x86
		{96624460-9070-4C19-8A56-9F542080A669}.Release|ARM.ActiveCfg = Release|ARM
		{96624460-9070-4C19-8A56-9F542080A669}.Release|ARM.Build.0 = Release|ARM
		{96624460-9070-4C19-8A56-9F542080A669}.Release|ARM.Deploy.0 = Release|ARM
		{96624460-9070-4C19-8A56-9F542080A669}.Release|iPhone.ActiveCfg = Release|x86
		{96624460-9070-4C19-8A56-9F542080A669}.Release|iPhoneSimulator.ActiveCfg = Release|x86
		{96624460-9070-4C19-8A56-9F542080A669}.Release|x64.ActiveCfg = Release|x64
		{96624460-9070-4C19-8A56-9F542080A669}.Release|x64.Build.0 = Release|x64
		{96624460-9070-4C19-8A56-9F542080A669}.Release|x64.Deploy.0 = Release|x64
		{96624460-9070-4C19-8A56-9F542080A669}.Release|x86.ActiveCfg = Release|x86
		{96624460-9070-4C19-8A56-9F542080A669}.Release|x86.Build.0 = Release|x86
		{96624460-9070-4C19-8A56-9F542080A669}.Release|x86.Deploy.0 = Release|x86
	EndGlobalSection
	GlobalSection(SolutionProperties) = preSolution
		HideSolutionNode = FALSE
	EndGlobalSection
EndGlobal
